PODS:
  - XCPushNotification (1.1.0):
    - XCPushNotification/XCPushNotification (= 1.1.0)
  - XCPushNotification/XCPushNotification (1.1.0)

DEPENDENCIES:
  - XCPushNotification (from `../`)

EXTERNAL SOURCES:
  XCPushNotification:
    :path: ../

SPEC CHECKSUMS:
  XCPushNotification: 21e83d1daecb8757aa068edbeab477fa5116725a

PODFILE CHECKSUM: c22426b0fd2598655c3927f468e602db1861115f

COCOAPODS: 1.4.0.rc.1
