PODS:
  - JCore (1.1.6)
  - JPush (3.0.7):
    - JCore (~> 1.1.6)
  - XCMacros (1.0.2)
  - XCPushNotification (1.1.0):
    - XCPushNotification/JPushNotification (= 1.1.0)
    - XCPushNotification/XCPushNotification (= 1.1.0)
  - XCPushNotification/JPushNotification (1.1.0):
    - JPush (~> 3.0.6)
    - XCMacros
    - XCPushNotification/XCPushNotification
  - XCPushNotification/XCPushNotification (1.1.0)

DEPENDENCIES:
  - XCPushNotification (from `../`)

EXTERNAL SOURCES:
  XCPushNotification:
    :path: ../

SPEC CHECKSUMS:
  JCore: 18fc8725124f26e55625eaf224659b3a999dcf63
  JPush: 111b79b8a0169ab8fd4c486dac3ed166ed69293e
  XCMacros: abf7c03e5128fea2e800887a7b25c82336c3940b
  XCPushNotification: 8733ae1e874b939c60377e314f912a2e274b1e03

PODFILE CHECKSUM: c22426b0fd2598655c3927f468e602db1861115f

COCOAPODS: 1.4.0.rc.1
